
Microsoft Visual Studio Solution File, Format Version 12.00
# Visual Studio Version 16
VisualStudioVersion = 16.0.30717.126
MinimumVisualStudioVersion = 10.0.40219.1
Project("{FAE04EC0-301F-11D3-BF4B-00C04F79EFBC}") = "Module4", "Module4\Module4.csproj", "{EE16FFCA-FC10-4C67-BCAB-DC28A29648A3}"
EndProject
Global
	GlobalSection(SolutionConfigurationPlatforms) = preSolution
		Debug|Any CPU = Debug|Any CPU
		Release|Any CPU = Release|Any CPU
	EndGlobalSection
	GlobalSection(ProjectConfigurationPlatforms) = postSolution
		{EE16FFCA-FC10-4C67-BCAB-DC28A29648A3}.Debug|Any CPU.ActiveCfg = Debug|Any CPU
		{EE16FFCA-FC10-4C67-BCAB-DC28A29648A3}.Debug|Any CPU.Build.0 = Debug|Any CPU
		{EE16FFCA-FC10-4C67-BCAB-DC28A29648A3}.Release|Any CPU.ActiveCfg = Release|Any CPU
		{EE16FFCA-FC10-4C67-BCAB-DC28A29648A3}.Release|Any CPU.Build.0 = Release|Any CPU
	EndGlobalSection
	GlobalSection(SolutionProperties) = preSolution
		HideSolutionNode = FALSE
	EndGlobalSection
	GlobalSection(ExtensibilityGlobals) = postSolution
		SolutionGuid = {5530C8D7-0D08-427B-8A0C-2B80EE5BF1BE}
	EndGlobalSection
EndGlobal
